
Microsoft Visual Studio Solution File, Format Version 12.00
# Visual Studio 15
VisualStudioVersion = 15.0.28307.572
MinimumVisualStudioVersion = 10.0.40219.1
Project("{FAE04EC0-301F-11D3-BF4B-00C04F79EFBC}") = "EMS_MINI_PROJECT", "EMS_MINI_PROJECT_SCAFFOLDING\EMS_MINI_PROJECT.csproj", "{0961BFAB-1383-40C0-949E-8BC8A024D585}"
EndProject
Global
	GlobalSection(SolutionConfigurationPlatforms) = preSolution
		Debug|Any CPU = Debug|Any CPU
		Release|Any CPU = Release|Any CPU
	EndGlobalSection
	GlobalSection(ProjectConfigurationPlatforms) = postSolution
		{0961BFAB-1383-40C0-949E-8BC8A024D585}.Debug|Any CPU.ActiveCfg = Debug|Any CPU
		{0961BFAB-1383-40C0-949E-8BC8A024D585}.Debug|Any CPU.Build.0 = Debug|Any CPU
		{0961BFAB-1383-40C0-949E-8BC8A024D585}.Release|Any CPU.ActiveCfg = Release|Any CPU
		{0961BFAB-1383-40C0-949E-8BC8A024D585}.Release|Any CPU.Build.0 = Release|Any CPU
	EndGlobalSection
	GlobalSection(SolutionProperties) = preSolution
		HideSolutionNode = FALSE
	EndGlobalSection
	GlobalSection(ExtensibilityGlobals) = postSolution
		SolutionGuid = {4619A55B-2E1D-4FD0-8F4E-1C04DC05B428}
	EndGlobalSection
EndGlobal
